// !$*UTF8*$!
{
	archiveVersion = 1;
	classes = {
	};
	objectVersion = 46;
	objects = {

/* Begin PBXBuildFile section */
		2D8615881CD5EB4C0014615B /* main.m in Sources */ = {isa = PBXBuildFile; fileRef = 2D8615871CD5EB4C0014615B /* main.m */; };
		2D86158B1CD5EB4C0014615B /* AppDelegate.m in Sources */ = {isa = PBXBuildFile; fileRef = 2D86158A1CD5EB4C0014615B /* AppDelegate.m */; };
		2D86158D1CD5EB4C0014615B /* Assets.xcassets in Resources */ = {isa = PBXBuildFile; fileRef = 2D86158C1CD5EB4C0014615B /* Assets.xcassets */; };
		2D8615901CD5EB4C0014615B /* LaunchScreen.storyboard in Resources */ = {isa = PBXBuildFile; fileRef = 2D86158E1CD5EB4C0014615B /* LaunchScreen.storyboard */; };
		2D8615991CD5EB570014615B /* MainViewController.m in Sources */ = {isa = PBXBuildFile; fileRef = 2D8615981CD5EB570014615B /* MainViewController.m */; };
		2D8615A61CD5EB9A0014615B /* NSString+MXExtensions.m in Sources */ = {isa = PBXBuildFile; fileRef = 2D86159D1CD5EB9A0014615B /* NSString+MXExtensions.m */; };
		2D8615A71CD5EB9A0014615B /* UIApplication+MXExtensions.m in Sources */ = {isa = PBXBuildFile; fileRef = 2D86159F1CD5EB9A0014615B /* UIApplication+MXExtensions.m */; };
		2D8615A81CD5EB9A0014615B /* UIColor+MXExtensions.m in Sources */ = {isa = PBXBuildFile; fileRef = 2D8615A11CD5EB9A0014615B /* UIColor+MXExtensions.m */; };
		2D8615A91CD5EB9A0014615B /* UIImage+MXExtensions.m in Sources */ = {isa = PBXBuildFile; fileRef = 2D8615A31CD5EB9A0014615B /* UIImage+MXExtensions.m */; };
		2D8615AA1CD5EB9A0014615B /* UIView+MXExtensions.m in Sources */ = {isa = PBXBuildFile; fileRef = 2D8615A51CD5EB9A0014615B /* UIView+MXExtensions.m */; };
/* End PBXBuildFile section */

/* Begin PBXFileReference section */
		2D8615831CD5EB4C0014615B /* MXExtensions.app */ = {isa = PBXFileReference; explicitFileType = wrapper.application; includeInIndex = 0; path = MXExtensions.app; sourceTree = BUILT_PRODUCTS_DIR; };
		2D8615871CD5EB4C0014615B /* main.m */ = {isa = PBXFileReference; lastKnownFileType = sourcecode.c.objc; path = main.m; sourceTree = "<group>"; };
		2D8615891CD5EB4C0014615B /* AppDelegate.h */ = {isa = PBXFileReference; lastKnownFileType = sourcecode.c.h; path = AppDelegate.h; sourceTree = "<group>"; };
		2D86158A1CD5EB4C0014615B /* AppDelegate.m */ = {isa = PBXFileReference; lastKnownFileType = sourcecode.c.objc; path = AppDelegate.m; sourceTree = "<group>"; };
		2D86158C1CD5EB4C0014615B /* Assets.xcassets */ = {isa = PBXFileReference; lastKnownFileType = folder.assetcatalog; path = Assets.xcassets; sourceTree = "<group>"; };
		2D86158F1CD5EB4C0014615B /* Base */ = {isa = PBXFileReference; lastKnownFileType = file.storyboard; name = Base; path = Base.lproj/LaunchScreen.storyboard; sourceTree = "<group>"; };
		2D8615911CD5EB4C0014615B /* Info.plist */ = {isa = PBXFileReference; lastKnownFileType = text.plist.xml; path = Info.plist; sourceTree = "<group>"; };
		2D8615971CD5EB570014615B /* MainViewController.h */ = {isa = PBXFileReference; fileEncoding = 4; lastKnownFileType = sourcecode.c.h; path = MainViewController.h; sourceTree = "<group>"; };
		2D8615981CD5EB570014615B /* MainViewController.m */ = {isa = PBXFileReference; fileEncoding = 4; lastKnownFileType = sourcecode.c.objc; path = MainViewController.m; sourceTree = "<group>"; };
		2D86159B1CD5EB9A0014615B /* MXExtensions.h */ = {isa = PBXFileReference; fileEncoding = 4; lastKnownFileType = sourcecode.c.h; path = MXExtensions.h; sourceTree = "<group>"; };
		2D86159C1CD5EB9A0014615B /* NSString+MXExtensions.h */ = {isa = PBXFileReference; fileEncoding = 4; lastKnownFileType = sourcecode.c.h; path = "NSString+MXExtensions.h"; sourceTree = "<group>"; };
		2D86159D1CD5EB9A0014615B /* NSString+MXExtensions.m */ = {isa = PBXFileReference; fileEncoding = 4; lastKnownFileType = sourcecode.c.objc; path = "NSString+MXExtensions.m"; sourceTree = "<group>"; };
		2D86159E1CD5EB9A0014615B /* UIApplication+MXExtensions.h */ = {isa = PBXFileReference; fileEncoding = 4; lastKnownFileType = sourcecode.c.h; path = "UIApplication+MXExtensions.h"; sourceTree = "<group>"; };
		2D86159F1CD5EB9A0014615B /* UIApplication+MXExtensions.m */ = {isa = PBXFileReference; fileEncoding = 4; lastKnownFileType = sourcecode.c.objc; path = "UIApplication+MXExtensions.m"; sourceTree = "<group>"; };
		2D8615A01CD5EB9A0014615B /* UIColor+MXExtensions.h */ = {isa = PBXFileReference; fileEncoding = 4; lastKnownFileType = sourcecode.c.h; path = "UIColor+MXExtensions.h"; sourceTree = "<group>"; };
		2D8615A11CD5EB9A0014615B /* UIColor+MXExtensions.m */ = {isa = PBXFileReference; fileEncoding = 4; lastKnownFileType = sourcecode.c.objc; path = "UIColor+MXExtensions.m"; sourceTree = "<group>"; };
		2D8615A21CD5EB9A0014615B /* UIImage+MXExtensions.h */ = {isa = PBXFileReference; fileEncoding = 4; lastKnownFileType = sourcecode.c.h; path = "UIImage+MXExtensions.h"; sourceTree = "<group>"; };
		2D8615A31CD5EB9A0014615B /* UIImage+MXExtensions.m */ = {isa = PBXFileReference; fileEncoding = 4; lastKnownFileType = sourcecode.c.objc; path = "UIImage+MXExtensions.m"; sourceTree = "<group>"; };
		2D8615A41CD5EB9A0014615B /* UIView+MXExtensions.h */ = {isa = PBXFileReference; fileEncoding = 4; lastKnownFileType = sourcecode.c.h; path = "UIView+MXExtensions.h"; sourceTree = "<group>"; };
		2D8615A51CD5EB9A0014615B /* UIView+MXExtensions.m */ = {isa = PBXFileReference; fileEncoding = 4; lastKnownFileType = sourcecode.c.objc; path = "UIView+MXExtensions.m"; sourceTree = "<group>"; };
/* End PBXFileReference section */

/* Begin PBXFrameworksBuildPhase section */
		2D8615801CD5EB4C0014615B /* Frameworks */ = {
			isa = PBXFrameworksBuildPhase;
			buildActionMask = 2147483647;
			files = (
			);
			runOnlyForDeploymentPostprocessing = 0;
		};
/* End PBXFrameworksBuildPhase section */

/* Begin PBXGroup section */
		2D86157A1CD5EB4C0014615B = {
			isa = PBXGroup;
			children = (
				2D8615851CD5EB4C0014615B /* MXExtensions */,
				2D8615841CD5EB4C0014615B /* Products */,
			);
			sourceTree = "<group>";
		};
		2D8615841CD5EB4C0014615B /* Products */ = {
			isa = PBXGroup;
			children = (
				2D8615831CD5EB4C0014615B /* MXExtensions.app */,
			);
			name = Products;
			sourceTree = "<group>";
		};
		2D8615851CD5EB4C0014615B /* MXExtensions */ = {
			isa = PBXGroup;
			children = (
				2D86159A1CD5EB9A0014615B /* MXExtensions */,
				2D8615891CD5EB4C0014615B /* AppDelegate.h */,
				2D86158A1CD5EB4C0014615B /* AppDelegate.m */,
				2D8615971CD5EB570014615B /* MainViewController.h */,
				2D8615981CD5EB570014615B /* MainViewController.m */,
				2D86158C1CD5EB4C0014615B /* Assets.xcassets */,
				2D86158E1CD5EB4C0014615B /* LaunchScreen.storyboard */,
				2D8615911CD5EB4C0014615B /* Info.plist */,
				2D8615861CD5EB4C0014615B /* Supporting Files */,
			);
			path = MXExtensions;
			sourceTree = "<group>";
		};
		2D8615861CD5EB4C0014615B /* Supporting Files */ = {
			isa = PBXGroup;
			children = (
				2D8615871CD5EB4C0014615B /* main.m */,
			);
			name = "Supporting Files";
			sourceTree = "<group>";
		};
		2D86159A1CD5EB9A0014615B /* MXExtensions */ = {
			isa = PBXGroup;
			children = (
				2D86159B1CD5EB9A0014615B /* MXExtensions.h */,
				2D86159C1CD5EB9A0014615B /* NSString+MXExtensions.h */,
				2D86159D1CD5EB9A0014615B /* NSString+MXExtensions.m */,
				2D86159E1CD5EB9A0014615B /* UIApplication+MXExtensions.h */,
				2D86159F1CD5EB9A0014615B /* UIApplication+MXExtensions.m */,
				2D8615A01CD5EB9A0014615B /* UIColor+MXExtensions.h */,
				2D8615A11CD5EB9A0014615B /* UIColor+MXExtensions.m */,
				2D8615A21CD5EB9A0014615B /* UIImage+MXExtensions.h */,
				2D8615A31CD5EB9A0014615B /* UIImage+MXExtensions.m */,
				2D8615A41CD5EB9A0014615B /* UIView+MXExtensions.h */,
				2D8615A51CD5EB9A0014615B /* UIView+MXExtensions.m */,
			);
			path = MXExtensions;
			sourceTree = "<group>";
		};
/* End PBXGroup section */

/* Begin PBXNativeTarget section */
		2D8615821CD5EB4C0014615B /* MXExtensions */ = {
			isa = PBXNativeTarget;
			buildConfigurationList = 2D8615941CD5EB4C0014615B /* Build configuration list for PBXNativeTarget "MXExtensions" */;
			buildPhases = (
				2D86157F1CD5EB4C0014615B /* Sources */,
				2D8615801CD5EB4C0014615B /* Frameworks */,
				2D8615811CD5EB4C0014615B /* Resources */,
			);
			buildRules = (
			);
			dependencies = (
			);
			name = MXExtensions;
			productName = MXExtensions;
			productReference = 2D8615831CD5EB4C0014615B /* MXExtensions.app */;
			productType = "com.apple.product-type.application";
		};
/* End PBXNativeTarget section */

/* Begin PBXProject section */
		2D86157B1CD5EB4C0014615B /* Project object */ = {
			isa = PBXProject;
			attributes = {
				LastUpgradeCheck = 0730;
				ORGANIZATIONNAME = "韦纯航";
				TargetAttributes = {
					2D8615821CD5EB4C0014615B = {
						CreatedOnToolsVersion = 7.3;
					};
				};
			};
			buildConfigurationList = 2D86157E1CD5EB4C0014615B /* Build configuration list for PBXProject "MXExtensions" */;
			compatibilityVersion = "Xcode 3.2";
			developmentRegion = English;
			hasScannedForEncodings = 0;
			knownRegions = (
				en,
				Base,
			);
			mainGroup = 2D86157A1CD5EB4C0014615B;
			productRefGroup = 2D8615841CD5EB4C0014615B /* Products */;
			projectDirPath = "";
			projectRoot = "";
			targets = (
				2D8615821CD5EB4C0014615B /* MXExtensions */,
			);
		};
/* End PBXProject section */

/* Begin PBXResourcesBuildPhase section */
		2D8615811CD5EB4C0014615B /* Resources */ = {
			isa = PBXResourcesBuildPhase;
			buildActionMask = 2147483647;
			files = (
				2D86158D1CD5EB4C0014615B /* Assets.xcassets in Resources */,
				2D8615901CD5EB4C0014615B /* LaunchScreen.storyboard in Resources */,
			);
			runOnlyForDeploymentPostprocessing = 0;
		};
/* End PBXResourcesBuildPhase section */

/* Begin PBXSourcesBuildPhase section */
		2D86157F1CD5EB4C0014615B /* Sources */ = {
			isa = PBXSourcesBuildPhase;
			buildActionMask = 2147483647;
			files = (
				2D8615A71CD5EB9A0014615B /* UIApplication+MXExtensions.m in Sources */,
				2D8615AA1CD5EB9A0014615B /* UIView+MXExtensions.m in Sources */,
				2D86158B1CD5EB4C0014615B /* AppDelegate.m in Sources */,
				2D8615A91CD5EB9A0014615B /* UIImage+MXExtensions.m in Sources */,
				2D8615991CD5EB570014615B /* MainViewController.m in Sources */,
				2D8615A61CD5EB9A0014615B /* NSString+MXExtensions.m in Sources */,
				2D8615A81CD5EB9A0014615B /* UIColor+MXExtensions.m in Sources */,
				2D8615881CD5EB4C0014615B /* main.m in Sources */,
			);
			runOnlyForDeploymentPostprocessing = 0;
		};
/* End PBXSourcesBuildPhase section */

/* Begin PBXVariantGroup section */
		2D86158E1CD5EB4C0014615B /* LaunchScreen.storyboard */ = {
			isa = PBXVariantGroup;
			children = (
				2D86158F1CD5EB4C0014615B /* Base */,
			);
			name = LaunchScreen.storyboard;
			sourceTree = "<group>";
		};
/* End PBXVariantGroup section */

/* Begin XCBuildConfiguration section */
		2D8615921CD5EB4C0014615B /* Debug */ = {
			isa = XCBuildConfiguration;
			buildSettings = {
				ALWAYS_SEARCH_USER_PATHS = NO;
				CLANG_ANALYZER_NONNULL = YES;
				CLANG_CXX_LANGUAGE_STANDARD = "gnu++0x";
				CLANG_CXX_LIBRARY = "libc++";
				CLANG_ENABLE_MODULES = YES;
				CLANG_ENABLE_OBJC_ARC = YES;
				CLANG_WARN_BOOL_CONVERSION = YES;
				CLANG_WARN_CONSTANT_CONVERSION = YES;
				CLANG_WARN_DIRECT_OBJC_ISA_USAGE = YES_ERROR;
				CLANG_WARN_EMPTY_BODY = YES;
				CLANG_WARN_ENUM_CONVERSION = YES;
				CLANG_WARN_INT_CONVERSION = YES;
				CLANG_WARN_OBJC_ROOT_CLASS = YES_ERROR;
				CLANG_WARN_UNREACHABLE_CODE = YES;
				CLANG_WARN__DUPLICATE_METHOD_MATCH = YES;
				"CODE_SIGN_IDENTITY[sdk=iphoneos*]" = "iPhone Developer";
				COPY_PHASE_STRIP = NO;
				DEBUG_INFORMATION_FORMAT = dwarf;
				ENABLE_STRICT_OBJC_MSGSEND = YES;
				ENABLE_TESTABILITY = YES;
				GCC_C_LANGUAGE_STANDARD = gnu99;
				GCC_DYNAMIC_NO_PIC = NO;
				GCC_NO_COMMON_BLOCKS = YES;
				GCC_OPTIMIZATION_LEVEL = 0;
				GCC_PREPROCESSOR_DEFINITIONS = (
					"DEBUG=1",
					"$(inherited)",
				);
				GCC_WARN_64_TO_32_BIT_CONVERSION = YES;
				GCC_WARN_ABOUT_RETURN_TYPE = YES_ERROR;
				GCC_WARN_UNDECLARED_SELECTOR = YES;
				GCC_WARN_UNINITIALIZED_AUTOS = YES_AGGRESSIVE;
				GCC_WARN_UNUSED_FUNCTION = YES;
				GCC_WARN_UNUSED_VARIABLE = YES;
				IPHONEOS_DEPLOYMENT_TARGET = 9.3;
				MTL_ENABLE_DEBUG_INFO = YES;
				ONLY_ACTIVE_ARCH = YES;
				SDKROOT = iphoneos;
			};
			name = Debug;
		};
		2D8615931CD5EB4C0014615B /* Release */ = {
			isa = XCBuildConfiguration;
			buildSettings = {
				ALWAYS_SEARCH_USER_PATHS = NO;
				CLANG_ANALYZER_NONNULL = YES;
				CLANG_CXX_LANGUAGE_STANDARD = "gnu++0x";
				CLANG_CXX_LIBRARY = "libc++";
				CLANG_ENABLE_MODULES = YES;
				CLANG_ENABLE_OBJC_ARC = YES;
				CLANG_WARN_BOOL_CONVERSION = YES;
				CLANG_WARN_CONSTANT_CONVERSION = YES;
				CLANG_WARN_DIRECT_OBJC_ISA_USAGE = YES_ERROR;
				CLANG_WARN_EMPTY_BODY = YES;
				CLANG_WARN_ENUM_CONVERSION = YES;
				CLANG_WARN_INT_CONVERSION = YES;
				CLANG_WARN_OBJC_ROOT_CLASS = YES_ERROR;
				CLANG_WARN_UNREACHABLE_CODE = YES;
				CLANG_WARN__DUPLICATE_METHOD_MATCH = YES;
				"CODE_SIGN_IDENTITY[sdk=iphoneos*]" = "iPhone Developer";
				COPY_PHASE_STRIP = NO;
				DEBUG_INFORMATION_FORMAT = "dwarf-with-dsym";
				ENABLE_NS_ASSERTIONS = NO;
				ENABLE_STRICT_OBJC_MSGSEND = YES;
				GCC_C_LANGUAGE_STANDARD = gnu99;
				GCC_NO_COMMON_BLOCKS = YES;
				GCC_WARN_64_TO_32_BIT_CONVERSION = YES;
				GCC_WARN_ABOUT_RETURN_TYPE = YES_ERROR;
				GCC_WARN_UNDECLARED_SELECTOR = YES;
				GCC_WARN_UNINITIALIZED_AUTOS = YES_AGGRESSIVE;
				GCC_WARN_UNUSED_FUNCTION = YES;
				GCC_WARN_UNUSED_VARIABLE = YES;
				IPHONEOS_DEPLOYMENT_TARGET = 9.3;
				MTL_ENABLE_DEBUG_INFO = NO;
				SDKROOT = iphoneos;
				VALIDATE_PRODUCT = YES;
			};
			name = Release;
		};
		2D8615951CD5EB4C0014615B /* Debug */ = {
			isa = XCBuildConfiguration;
			buildSettings = {
				ASSETCATALOG_COMPILER_APPICON_NAME = AppIcon;
				INFOPLIST_FILE = MXExtensions/Info.plist;
				LD_RUNPATH_SEARCH_PATHS = "$(inherited) @executable_path/Frameworks";
				PRODUCT_BUNDLE_IDENTIFIER = com.wch.MXExtensions;
				PRODUCT_NAME = "$(TARGET_NAME)";
			};
			name = Debug;
		};
		2D8615961CD5EB4C0014615B /* Release */ = {
			isa = XCBuildConfiguration;
			buildSettings = {
				ASSETCATALOG_COMPILER_APPICON_NAME = AppIcon;
				INFOPLIST_FILE = MXExtensions/Info.plist;
				LD_RUNPATH_SEARCH_PATHS = "$(inherited) @executable_path/Frameworks";
				PRODUCT_BUNDLE_IDENTIFIER = com.wch.MXExtensions;
				PRODUCT_NAME = "$(TARGET_NAME)";
			};
			name = Release;
		};
/* End XCBuildConfiguration section */

/* Begin XCConfigurationList section */
		2D86157E1CD5EB4C0014615B /* Build configuration list for PBXProject "MXExtensions" */ = {
			isa = XCConfigurationList;
			buildConfigurations = (
				2D8615921CD5EB4C0014615B /* Debug */,
				2D8615931CD5EB4C0014615B /* Release */,
			);
			defaultConfigurationIsVisible = 0;
			defaultConfigurationName = Release;
		};
		2D8615941CD5EB4C0014615B /* Build configuration list for PBXNativeTarget "MXExtensions" */ = {
			isa = XCConfigurationList;
			buildConfigurations = (
				2D8615951CD5EB4C0014615B /* Debug */,
				2D8615961CD5EB4C0014615B /* Release */,
			);
			defaultConfigurationIsVisible = 0;
		};
/* End XCConfigurationList section */
	};
	rootObject = 2D86157B1CD5EB4C0014615B /* Project object */;
}
